{
  "name": "vue_code",
  "lockfileVersion": 2,
  "requires": true,
  "packages": {
    "": {
      "dependencies": {
        "animate.css": "^4.1.1",
        "nanoid": "^3.1.30"
      }
    },
    "node_modules/animate.css": {
      "version": "4.1.1",
      "resolved": "https://registry.npm.taobao.org/animate.css/download/animate.css-4.1.1.tgz",
      "integrity": "sha1-YU7FqBEx1+TcNipYFD90BqvWgHU="
    },
    "node_modules/nanoid": {
      "version": "3.1.30",
      "resolved": "https://registry.npmmirror.com/nanoid/download/nanoid-3.1.30.tgz?cache=0&other_urls=https%3A%2F%2Fregistry.npmmirror.com%2Fnanoid%2Fdownload%2Fnanoid-3.1.30.tgz",
      "integrity": "sha1-Y/k8xUjSoRPcXfvGO/oJ4rm2Q2I=",
      "license": "MIT",
      "bin": {
        "nanoid": "bin/nanoid.cjs"
      },
      "engines": {
        "node": "^10 || ^12 || ^13.7 || ^14 || >=15.0.1"
      }
    }
  },
  "dependencies": {
    "animate.css": {
      "version": "4.1.1",
      "resolved": "https://registry.npm.taobao.org/animate.css/download/animate.css-4.1.1.tgz",
      "integrity": "sha1-YU7FqBEx1+TcNipYFD90BqvWgHU="
    },
    "nanoid": {
      "version": "3.1.30",
      "resolved": "https://registry.npmmirror.com/nanoid/download/nanoid-3.1.30.tgz?cache=0&other_urls=https%3A%2F%2Fregistry.npmmirror.com%2Fnanoid%2Fdownload%2Fnanoid-3.1.30.tgz",
      "integrity": "sha1-Y/k8xUjSoRPcXfvGO/oJ4rm2Q2I="
    }
  }
}
